
Microsoft Visual Studio Solution File, Format Version 12.00
# Visual Studio Version 17
VisualStudioVersion = 17.12.35209.166
MinimumVisualStudioVersion = 10.0.40219.1
Project("{2150E333-8FDC-42A3-9474-1A3956D46DE8}") = "src", "src", "{142451D3-EE71-4B4E-AA65-7D211BB8DB1D}"
EndProject
Project("{2150E333-8FDC-42A3-9474-1A3956D46DE8}") = "Services", "Services", "{E7345B87-8F71-43A3-92F7-7DB071000486}"
EndProject
Project("{2150E333-8FDC-42A3-9474-1A3956D46DE8}") = "CatalogService", "CatalogService", "{81EE7C2C-7EDF-416F-BAF1-4076BF4BBA43}"
EndProject
Project("{2150E333-8FDC-42A3-9474-1A3956D46DE8}") = "Core", "Core", "{C8C85AEA-8CD5-49D4-993E-55772EEBF252}"
EndProject
Project("{2150E333-8FDC-42A3-9474-1A3956D46DE8}") = "Infrastructure", "Infrastructure", "{96E94124-12D8-4BD1-98CA-4FE18D01E8DC}"
EndProject
Project("{2150E333-8FDC-42A3-9474-1A3956D46DE8}") = "Presentation", "Presentation", "{345A2703-2BE0-40A2-9156-FB5F3280D845}"
EndProject
Project("{FAE04EC0-301F-11D3-BF4B-00C04F79EFBC}") = "Catalog.Domain", "src\Services\CatalogService\Core\Catalog.Domain\Catalog.Domain.csproj", "{C06925D3-BC56-4546-BD11-9F87F284EF39}"
EndProject
Project("{FAE04EC0-301F-11D3-BF4B-00C04F79EFBC}") = "Catalog.Application", "src\Services\CatalogService\Core\Catalog.Application\Catalog.Application.csproj", "{565AF3F7-7780-43F9-86F7-24B39420E0CA}"
EndProject
Project("{FAE04EC0-301F-11D3-BF4B-00C04F79EFBC}") = "Catalog.Persistence", "src\Services\CatalogService\Infrastructure\Catalog.Persistence\Catalog.Persistence.csproj", "{E8651A2A-61D1-4C29-8F58-D7B5F2482D26}"
EndProject
Project("{FAE04EC0-301F-11D3-BF4B-00C04F79EFBC}") = "Catalog.API", "src\Services\CatalogService\Presentation\Catalog.API\Catalog.API.csproj", "{8174DEF2-DE11-4529-B1D1-58A6FABCBF2E}"
EndProject
Project("{2150E333-8FDC-42A3-9474-1A3956D46DE8}") = "Contracts", "Contracts", "{43D74369-99D6-4C79-8F51-AB045BDC5D81}"
EndProject
Project("{FAE04EC0-301F-11D3-BF4B-00C04F79EFBC}") = "Boleto.Contracts", "src\Contracts\Boleto.Contracts\Boleto.Contracts.csproj", "{D4C4A9E3-1B34-4B8F-B40B-D1C1DBBA2D13}"
EndProject
Project("{2150E333-8FDC-42A3-9474-1A3956D46DE8}") = "SearchService", "SearchService", "{3A4DDEFC-2980-46AB-8D51-0FAACD8D5AA2}"
EndProject
Project("{FAE04EC0-301F-11D3-BF4B-00C04F79EFBC}") = "Search.API", "src\Services\SearchService\Search.API\Search.API.csproj", "{33CBEC0B-93E9-46F3-BAC6-602866310A9A}"
EndProject
Project("{2150E333-8FDC-42A3-9474-1A3956D46DE8}") = "FilterService", "FilterService", "{3504640E-C7E2-4FBC-BD0E-A624FE00B1A4}"
EndProject
Project("{FAE04EC0-301F-11D3-BF4B-00C04F79EFBC}") = "Filter.API", "src\Services\FilterService\Filter.API\Filter.API.csproj", "{BC7EFD69-ADDC-401E-84EB-A9CAD4F9EBE0}"
EndProject
Project("{2150E333-8FDC-42A3-9474-1A3956D46DE8}") = "IdentityService", "IdentityService", "{02CA22F7-90D9-4963-9EB9-88B300D52FC9}"
EndProject
Project("{FAE04EC0-301F-11D3-BF4B-00C04F79EFBC}") = "Identity.API", "src\Services\IdentityService\Identity.API\Identity.API.csproj", "{EB3C015E-01B3-4953-9BF6-09830CA0766C}"
EndProject
Project("{2150E333-8FDC-42A3-9474-1A3956D46DE8}") = "Aspire", "Aspire", "{6B67EE42-9DD3-4534-88FE-66B13224D813}"
EndProject
Project("{FAE04EC0-301F-11D3-BF4B-00C04F79EFBC}") = "Boleto.AppHost", "src\Aspire\Boleto.AppHost\Boleto.AppHost.csproj", "{981E5504-364B-4D6A-8BC4-9CB1A7DDB1E9}"
EndProject
Project("{FAE04EC0-301F-11D3-BF4B-00C04F79EFBC}") = "Boleto.ServiceDefaults", "src\Aspire\Boleto.ServiceDefaults\Boleto.ServiceDefaults.csproj", "{662F929D-48C1-4676-B0EF-C9FD62DA0418}"
EndProject
Project("{2150E333-8FDC-42A3-9474-1A3956D46DE8}") = "TicketService", "TicketService", "{BDCE9F13-9460-43BD-B8FB-07AB1035E769}"
EndProject
Project("{2150E333-8FDC-42A3-9474-1A3956D46DE8}") = "Core", "Core", "{19BE4666-E58E-4F12-A5DD-2C7681A4BB7A}"
EndProject
Project("{2150E333-8FDC-42A3-9474-1A3956D46DE8}") = "Infrastructure", "Infrastructure", "{439A9921-C6F7-46C1-B588-8BFCF323125C}"
EndProject
Project("{2150E333-8FDC-42A3-9474-1A3956D46DE8}") = "Presentation", "Presentation", "{2108CA0D-425D-4682-B823-447F690537C7}"
EndProject
Project("{FAE04EC0-301F-11D3-BF4B-00C04F79EFBC}") = "Ticket.Domain", "src\Services\TicketService\Core\Ticket.Domain\Ticket.Domain.csproj", "{DA095455-12C4-4348-A2EB-418AA55E1FA9}"
EndProject
Project("{FAE04EC0-301F-11D3-BF4B-00C04F79EFBC}") = "Ticket.Application", "src\Services\TicketService\Core\Ticket.Application\Ticket.Application.csproj", "{6AB71EB2-D817-4DD0-8102-12AC37E50ED3}"
EndProject
Project("{FAE04EC0-301F-11D3-BF4B-00C04F79EFBC}") = "Ticket.Persistence", "src\Services\TicketService\Infrastructure\Ticket.Persistence\Ticket.Persistence.csproj", "{DE2C79D3-D01F-409B-97B2-AC9EFB86E422}"
EndProject
Project("{FAE04EC0-301F-11D3-BF4B-00C04F79EFBC}") = "Ticket.API", "src\Services\TicketService\Presentation\Ticket.API\Ticket.API.csproj", "{F4818516-F823-43B2-8C77-689F23AA8ED0}"
EndProject
Project("{2150E333-8FDC-42A3-9474-1A3956D46DE8}") = "DiscountService", "DiscountService", "{A3B4B394-7A39-45DF-8106-CDC7B9E2A956}"
EndProject
Project("{FAE04EC0-301F-11D3-BF4B-00C04F79EFBC}") = "Discount.API", "src\Services\DiscountService\Discount.API\Discount.API.csproj", "{909DC2E5-77A4-4559-A307-22EF6810BEAC}"
EndProject
Project("{2150E333-8FDC-42A3-9474-1A3956D46DE8}") = "BookingService", "BookingService", "{B35677C3-D207-4F09-BFD3-1DDB6EB538C5}"
EndProject
Project("{FAE04EC0-301F-11D3-BF4B-00C04F79EFBC}") = "Booking.API", "src\Services\BookingService\Booking.API\Booking.API.csproj", "{4F899779-D574-4D83-B2FF-9434E8B1B73D}"
EndProject
Global
	GlobalSection(SolutionConfigurationPlatforms) = preSolution
		Debug|Any CPU = Debug|Any CPU
		Release|Any CPU = Release|Any CPU
	EndGlobalSection
	GlobalSection(ProjectConfigurationPlatforms) = postSolution
		{C06925D3-BC56-4546-BD11-9F87F284EF39}.Debug|Any CPU.ActiveCfg = Debug|Any CPU
		{C06925D3-BC56-4546-BD11-9F87F284EF39}.Debug|Any CPU.Build.0 = Debug|Any CPU
		{C06925D3-BC56-4546-BD11-9F87F284EF39}.Release|Any CPU.ActiveCfg = Release|Any CPU
		{C06925D3-BC56-4546-BD11-9F87F284EF39}.Release|Any CPU.Build.0 = Release|Any CPU
		{565AF3F7-7780-43F9-86F7-24B39420E0CA}.Debug|Any CPU.ActiveCfg = Debug|Any CPU
		{565AF3F7-7780-43F9-86F7-24B39420E0CA}.Debug|Any CPU.Build.0 = Debug|Any CPU
		{565AF3F7-7780-43F9-86F7-24B39420E0CA}.Release|Any CPU.ActiveCfg = Release|Any CPU
		{565AF3F7-7780-43F9-86F7-24B39420E0CA}.Release|Any CPU.Build.0 = Release|Any CPU
		{E8651A2A-61D1-4C29-8F58-D7B5F2482D26}.Debug|Any CPU.ActiveCfg = Debug|Any CPU
		{E8651A2A-61D1-4C29-8F58-D7B5F2482D26}.Debug|Any CPU.Build.0 = Debug|Any CPU
		{E8651A2A-61D1-4C29-8F58-D7B5F2482D26}.Release|Any CPU.ActiveCfg = Release|Any CPU
		{E8651A2A-61D1-4C29-8F58-D7B5F2482D26}.Release|Any CPU.Build.0 = Release|Any CPU
		{8174DEF2-DE11-4529-B1D1-58A6FABCBF2E}.Debug|Any CPU.ActiveCfg = Debug|Any CPU
		{8174DEF2-DE11-4529-B1D1-58A6FABCBF2E}.Debug|Any CPU.Build.0 = Debug|Any CPU
		{8174DEF2-DE11-4529-B1D1-58A6FABCBF2E}.Release|Any CPU.ActiveCfg = Release|Any CPU
		{8174DEF2-DE11-4529-B1D1-58A6FABCBF2E}.Release|Any CPU.Build.0 = Release|Any CPU
		{D4C4A9E3-1B34-4B8F-B40B-D1C1DBBA2D13}.Debug|Any CPU.ActiveCfg = Debug|Any CPU
		{D4C4A9E3-1B34-4B8F-B40B-D1C1DBBA2D13}.Debug|Any CPU.Build.0 = Debug|Any CPU
		{D4C4A9E3-1B34-4B8F-B40B-D1C1DBBA2D13}.Release|Any CPU.ActiveCfg = Release|Any CPU
		{D4C4A9E3-1B34-4B8F-B40B-D1C1DBBA2D13}.Release|Any CPU.Build.0 = Release|Any CPU
		{33CBEC0B-93E9-46F3-BAC6-602866310A9A}.Debug|Any CPU.ActiveCfg = Debug|Any CPU
		{33CBEC0B-93E9-46F3-BAC6-602866310A9A}.Debug|Any CPU.Build.0 = Debug|Any CPU
		{33CBEC0B-93E9-46F3-BAC6-602866310A9A}.Release|Any CPU.ActiveCfg = Release|Any CPU
		{33CBEC0B-93E9-46F3-BAC6-602866310A9A}.Release|Any CPU.Build.0 = Release|Any CPU
		{BC7EFD69-ADDC-401E-84EB-A9CAD4F9EBE0}.Debug|Any CPU.ActiveCfg = Debug|Any CPU
		{BC7EFD69-ADDC-401E-84EB-A9CAD4F9EBE0}.Debug|Any CPU.Build.0 = Debug|Any CPU
		{BC7EFD69-ADDC-401E-84EB-A9CAD4F9EBE0}.Release|Any CPU.ActiveCfg = Release|Any CPU
		{BC7EFD69-ADDC-401E-84EB-A9CAD4F9EBE0}.Release|Any CPU.Build.0 = Release|Any CPU
		{EB3C015E-01B3-4953-9BF6-09830CA0766C}.Debug|Any CPU.ActiveCfg = Debug|Any CPU
		{EB3C015E-01B3-4953-9BF6-09830CA0766C}.Debug|Any CPU.Build.0 = Debug|Any CPU
		{EB3C015E-01B3-4953-9BF6-09830CA0766C}.Release|Any CPU.ActiveCfg = Release|Any CPU
		{EB3C015E-01B3-4953-9BF6-09830CA0766C}.Release|Any CPU.Build.0 = Release|Any CPU
		{981E5504-364B-4D6A-8BC4-9CB1A7DDB1E9}.Debug|Any CPU.ActiveCfg = Debug|Any CPU
		{981E5504-364B-4D6A-8BC4-9CB1A7DDB1E9}.Debug|Any CPU.Build.0 = Debug|Any CPU
		{981E5504-364B-4D6A-8BC4-9CB1A7DDB1E9}.Release|Any CPU.ActiveCfg = Release|Any CPU
		{981E5504-364B-4D6A-8BC4-9CB1A7DDB1E9}.Release|Any CPU.Build.0 = Release|Any CPU
		{662F929D-48C1-4676-B0EF-C9FD62DA0418}.Debug|Any CPU.ActiveCfg = Debug|Any CPU
		{662F929D-48C1-4676-B0EF-C9FD62DA0418}.Debug|Any CPU.Build.0 = Debug|Any CPU
		{662F929D-48C1-4676-B0EF-C9FD62DA0418}.Release|Any CPU.ActiveCfg = Release|Any CPU
		{662F929D-48C1-4676-B0EF-C9FD62DA0418}.Release|Any CPU.Build.0 = Release|Any CPU
		{DA095455-12C4-4348-A2EB-418AA55E1FA9}.Debug|Any CPU.ActiveCfg = Debug|Any CPU
		{DA095455-12C4-4348-A2EB-418AA55E1FA9}.Debug|Any CPU.Build.0 = Debug|Any CPU
		{DA095455-12C4-4348-A2EB-418AA55E1FA9}.Release|Any CPU.ActiveCfg = Release|Any CPU
		{DA095455-12C4-4348-A2EB-418AA55E1FA9}.Release|Any CPU.Build.0 = Release|Any CPU
		{6AB71EB2-D817-4DD0-8102-12AC37E50ED3}.Debug|Any CPU.ActiveCfg = Debug|Any CPU
		{6AB71EB2-D817-4DD0-8102-12AC37E50ED3}.Debug|Any CPU.Build.0 = Debug|Any CPU
		{6AB71EB2-D817-4DD0-8102-12AC37E50ED3}.Release|Any CPU.ActiveCfg = Release|Any CPU
		{6AB71EB2-D817-4DD0-8102-12AC37E50ED3}.Release|Any CPU.Build.0 = Release|Any CPU
		{DE2C79D3-D01F-409B-97B2-AC9EFB86E422}.Debug|Any CPU.ActiveCfg = Debug|Any CPU
		{DE2C79D3-D01F-409B-97B2-AC9EFB86E422}.Debug|Any CPU.Build.0 = Debug|Any CPU
		{DE2C79D3-D01F-409B-97B2-AC9EFB86E422}.Release|Any CPU.ActiveCfg = Release|Any CPU
		{DE2C79D3-D01F-409B-97B2-AC9EFB86E422}.Release|Any CPU.Build.0 = Release|Any CPU
		{F4818516-F823-43B2-8C77-689F23AA8ED0}.Debug|Any CPU.ActiveCfg = Debug|Any CPU
		{F4818516-F823-43B2-8C77-689F23AA8ED0}.Debug|Any CPU.Build.0 = Debug|Any CPU
		{F4818516-F823-43B2-8C77-689F23AA8ED0}.Release|Any CPU.ActiveCfg = Release|Any CPU
		{F4818516-F823-43B2-8C77-689F23AA8ED0}.Release|Any CPU.Build.0 = Release|Any CPU
		{909DC2E5-77A4-4559-A307-22EF6810BEAC}.Debug|Any CPU.ActiveCfg = Debug|Any CPU
		{909DC2E5-77A4-4559-A307-22EF6810BEAC}.Debug|Any CPU.Build.0 = Debug|Any CPU
		{909DC2E5-77A4-4559-A307-22EF6810BEAC}.Release|Any CPU.ActiveCfg = Release|Any CPU
		{909DC2E5-77A4-4559-A307-22EF6810BEAC}.Release|Any CPU.Build.0 = Release|Any CPU
		{4F899779-D574-4D83-B2FF-9434E8B1B73D}.Debug|Any CPU.ActiveCfg = Debug|Any CPU
		{4F899779-D574-4D83-B2FF-9434E8B1B73D}.Debug|Any CPU.Build.0 = Debug|Any CPU
		{4F899779-D574-4D83-B2FF-9434E8B1B73D}.Release|Any CPU.ActiveCfg = Release|Any CPU
		{4F899779-D574-4D83-B2FF-9434E8B1B73D}.Release|Any CPU.Build.0 = Release|Any CPU
	EndGlobalSection
	GlobalSection(SolutionProperties) = preSolution
		HideSolutionNode = FALSE
	EndGlobalSection
	GlobalSection(NestedProjects) = preSolution
		{E7345B87-8F71-43A3-92F7-7DB071000486} = {142451D3-EE71-4B4E-AA65-7D211BB8DB1D}
		{81EE7C2C-7EDF-416F-BAF1-4076BF4BBA43} = {E7345B87-8F71-43A3-92F7-7DB071000486}
		{C8C85AEA-8CD5-49D4-993E-55772EEBF252} = {81EE7C2C-7EDF-416F-BAF1-4076BF4BBA43}
		{96E94124-12D8-4BD1-98CA-4FE18D01E8DC} = {81EE7C2C-7EDF-416F-BAF1-4076BF4BBA43}
		{345A2703-2BE0-40A2-9156-FB5F3280D845} = {81EE7C2C-7EDF-416F-BAF1-4076BF4BBA43}
		{C06925D3-BC56-4546-BD11-9F87F284EF39} = {C8C85AEA-8CD5-49D4-993E-55772EEBF252}
		{565AF3F7-7780-43F9-86F7-24B39420E0CA} = {C8C85AEA-8CD5-49D4-993E-55772EEBF252}
		{E8651A2A-61D1-4C29-8F58-D7B5F2482D26} = {96E94124-12D8-4BD1-98CA-4FE18D01E8DC}
		{8174DEF2-DE11-4529-B1D1-58A6FABCBF2E} = {345A2703-2BE0-40A2-9156-FB5F3280D845}
		{43D74369-99D6-4C79-8F51-AB045BDC5D81} = {142451D3-EE71-4B4E-AA65-7D211BB8DB1D}
		{D4C4A9E3-1B34-4B8F-B40B-D1C1DBBA2D13} = {43D74369-99D6-4C79-8F51-AB045BDC5D81}
		{3A4DDEFC-2980-46AB-8D51-0FAACD8D5AA2} = {E7345B87-8F71-43A3-92F7-7DB071000486}
		{33CBEC0B-93E9-46F3-BAC6-602866310A9A} = {3A4DDEFC-2980-46AB-8D51-0FAACD8D5AA2}
		{3504640E-C7E2-4FBC-BD0E-A624FE00B1A4} = {E7345B87-8F71-43A3-92F7-7DB071000486}
		{BC7EFD69-ADDC-401E-84EB-A9CAD4F9EBE0} = {3504640E-C7E2-4FBC-BD0E-A624FE00B1A4}
		{02CA22F7-90D9-4963-9EB9-88B300D52FC9} = {E7345B87-8F71-43A3-92F7-7DB071000486}
		{EB3C015E-01B3-4953-9BF6-09830CA0766C} = {02CA22F7-90D9-4963-9EB9-88B300D52FC9}
		{6B67EE42-9DD3-4534-88FE-66B13224D813} = {142451D3-EE71-4B4E-AA65-7D211BB8DB1D}
		{981E5504-364B-4D6A-8BC4-9CB1A7DDB1E9} = {6B67EE42-9DD3-4534-88FE-66B13224D813}
		{662F929D-48C1-4676-B0EF-C9FD62DA0418} = {6B67EE42-9DD3-4534-88FE-66B13224D813}
		{BDCE9F13-9460-43BD-B8FB-07AB1035E769} = {E7345B87-8F71-43A3-92F7-7DB071000486}
		{19BE4666-E58E-4F12-A5DD-2C7681A4BB7A} = {BDCE9F13-9460-43BD-B8FB-07AB1035E769}
		{439A9921-C6F7-46C1-B588-8BFCF323125C} = {BDCE9F13-9460-43BD-B8FB-07AB1035E769}
		{2108CA0D-425D-4682-B823-447F690537C7} = {BDCE9F13-9460-43BD-B8FB-07AB1035E769}
		{DA095455-12C4-4348-A2EB-418AA55E1FA9} = {19BE4666-E58E-4F12-A5DD-2C7681A4BB7A}
		{6AB71EB2-D817-4DD0-8102-12AC37E50ED3} = {19BE4666-E58E-4F12-A5DD-2C7681A4BB7A}
		{DE2C79D3-D01F-409B-97B2-AC9EFB86E422} = {439A9921-C6F7-46C1-B588-8BFCF323125C}
		{F4818516-F823-43B2-8C77-689F23AA8ED0} = {2108CA0D-425D-4682-B823-447F690537C7}
		{A3B4B394-7A39-45DF-8106-CDC7B9E2A956} = {E7345B87-8F71-43A3-92F7-7DB071000486}
		{909DC2E5-77A4-4559-A307-22EF6810BEAC} = {A3B4B394-7A39-45DF-8106-CDC7B9E2A956}
		{B35677C3-D207-4F09-BFD3-1DDB6EB538C5} = {E7345B87-8F71-43A3-92F7-7DB071000486}
		{4F899779-D574-4D83-B2FF-9434E8B1B73D} = {B35677C3-D207-4F09-BFD3-1DDB6EB538C5}
	EndGlobalSection
	GlobalSection(ExtensibilityGlobals) = postSolution
		SolutionGuid = {D6236A76-337B-4A78-B67F-3741F2FB27B3}
	EndGlobalSection
EndGlobal
